
Microsoft Visual Studio Solution File, Format Version 12.00
# Visual Studio Version 17
VisualStudioVersion = 17.2.32630.192
MinimumVisualStudioVersion = 10.0.40219.1
Project("{FAE04EC0-301F-11D3-BF4B-00C04F79EFBC}") = "ConnectionToTheDatabase", "ConnectionToTheDatabase.csproj", "{14CF1C0E-4A55-4DE1-B507-4FBE56CA83AF}"
EndProject
Global
	GlobalSection(SolutionConfigurationPlatforms) = preSolution
		Debug|Any CPU = Debug|Any CPU
		Release|Any CPU = Release|Any CPU
	EndGlobalSection
	GlobalSection(ProjectConfigurationPlatforms) = postSolution
		{14CF1C0E-4A55-4DE1-B507-4FBE56CA83AF}.Debug|Any CPU.ActiveCfg = Debug|Any CPU
		{14CF1C0E-4A55-4DE1-B507-4FBE56CA83AF}.Debug|Any CPU.Build.0 = Debug|Any CPU
		{14CF1C0E-4A55-4DE1-B507-4FBE56CA83AF}.Release|Any CPU.ActiveCfg = Release|Any CPU
		{14CF1C0E-4A55-4DE1-B507-4FBE56CA83AF}.Release|Any CPU.Build.0 = Release|Any CPU
	EndGlobalSection
	GlobalSection(SolutionProperties) = preSolution
		HideSolutionNode = FALSE
	EndGlobalSection
	GlobalSection(ExtensibilityGlobals) = postSolution
		SolutionGuid = {7BD25C52-A9FE-436A-8D3C-BF502EA12A61}
	EndGlobalSection
EndGlobal
