
Microsoft Visual Studio Solution File, Format Version 12.00
# Visual Studio Version 17
VisualStudioVersion = 17.2.32630.192
MinimumVisualStudioVersion = 10.0.40219.1
Project("{FAE04EC0-301F-11D3-BF4B-00C04F79EFBC}") = "AvaloniaTest", "AvaloniaTest.csproj", "{FA746759-A6E9-4E28-8908-05C327CD251D}"
EndProject
Global
	GlobalSection(SolutionConfigurationPlatforms) = preSolution
		Debug|Any CPU = Debug|Any CPU
		Release|Any CPU = Release|Any CPU
	EndGlobalSection
	GlobalSection(ProjectConfigurationPlatforms) = postSolution
		{FA746759-A6E9-4E28-8908-05C327CD251D}.Debug|Any CPU.ActiveCfg = Debug|Any CPU
		{FA746759-A6E9-4E28-8908-05C327CD251D}.Debug|Any CPU.Build.0 = Debug|Any CPU
		{FA746759-A6E9-4E28-8908-05C327CD251D}.Release|Any CPU.ActiveCfg = Release|Any CPU
		{FA746759-A6E9-4E28-8908-05C327CD251D}.Release|Any CPU.Build.0 = Release|Any CPU
	EndGlobalSection
	GlobalSection(SolutionProperties) = preSolution
		HideSolutionNode = FALSE
	EndGlobalSection
	GlobalSection(ExtensibilityGlobals) = postSolution
		SolutionGuid = {92C71141-0DDC-4AA9-9FBE-88E02A28388C}
	EndGlobalSection
EndGlobal
